
Microsoft Visual Studio Solution File, Format Version 12.00
# Visual Studio Version 17
VisualStudioVersion = 17.7.34031.279
MinimumVisualStudioVersion = 10.0.40219.1
Project("{9A19103F-16F7-4668-BE54-9A1E7A4F7556}") = "Web", "Web\Web.csproj", "{C5D40EEC-B49B-4225-96A1-190B4A9E3FF1}"
EndProject
Global
	GlobalSection(SolutionConfigurationPlatforms) = preSolution
		Debug|Any CPU = Debug|Any CPU
		Release|Any CPU = Release|Any CPU
	EndGlobalSection
	GlobalSection(ProjectConfigurationPlatforms) = postSolution
		{C5D40EEC-B49B-4225-96A1-190B4A9E3FF1}.Debug|Any CPU.ActiveCfg = Debug|Any CPU
		{C5D40EEC-B49B-4225-96A1-190B4A9E3FF1}.Debug|Any CPU.Build.0 = Debug|Any CPU
		{C5D40EEC-B49B-4225-96A1-190B4A9E3FF1}.Release|Any CPU.ActiveCfg = Release|Any CPU
		{C5D40EEC-B49B-4225-96A1-190B4A9E3FF1}.Release|Any CPU.Build.0 = Release|Any CPU
	EndGlobalSection
	GlobalSection(SolutionProperties) = preSolution
		HideSolutionNode = FALSE
	EndGlobalSection
	GlobalSection(ExtensibilityGlobals) = postSolution
		SolutionGuid = {612F7734-4CA9-47B1-8621-BDDEA73BBEC8}
	EndGlobalSection
EndGlobal
